
Microsoft Visual Studio Solution File, Format Version 12.00
# Visual Studio Version 17
VisualStudioVersion = 17.5.33502.453
MinimumVisualStudioVersion = 10.0.40219.1
Project("{2150E333-8FDC-42A3-9474-1A3956D46DE8}") = "src", "src", "{5BA22C93-17C1-4CD2-9DF3-A1B32791EA47}"
EndProject
Project("{2150E333-8FDC-42A3-9474-1A3956D46DE8}") = "Core", "Core", "{F731D211-9B70-4728-9418-D0BE5844C458}"
EndProject
Project("{9A19103F-16F7-4668-BE54-9A1E7A4F7556}") = "MyGlobalProject.Application", "Core\MyGlobalProject.Application\MyGlobalProject.Application.csproj", "{471C1565-2ABD-48AF-B0D9-990BBD4E8B70}"
EndProject
Project("{2150E333-8FDC-42A3-9474-1A3956D46DE8}") = "Infrastructure", "Infrastructure", "{92485F09-6B79-484D-AF72-EE198EE75FC0}"
EndProject
Project("{2150E333-8FDC-42A3-9474-1A3956D46DE8}") = "Presentation", "Presentation", "{76B26B26-C322-4D7F-BE14-032777BE3801}"
EndProject
Project("{9A19103F-16F7-4668-BE54-9A1E7A4F7556}") = "MyGlobalProject.Domain", "Core\MyGlobalProject.Domain\MyGlobalProject.Domain.csproj", "{94A68C56-BD1E-46DE-BBE1-805697B91802}"
EndProject
Project("{9A19103F-16F7-4668-BE54-9A1E7A4F7556}") = "MyGlobalProject.Persistance", "Infrastructure\MyGlobalProject.Persistance\MyGlobalProject.Persistance.csproj", "{DB69DF05-4532-4675-913D-7760183CD4D5}"
EndProject
Project("{9A19103F-16F7-4668-BE54-9A1E7A4F7556}") = "MyGlobalProject.Infrastructure", "Infrastructure\MyGlobalProject.Infrastructure\MyGlobalProject.Infrastructure.csproj", "{3FA4904F-9464-4E22-AA74-6982332D2D8E}"
EndProject
Project("{9A19103F-16F7-4668-BE54-9A1E7A4F7556}") = "MyGlobalProject.WebAPI", "Presentation\MyGlobalProject.WebAPI\MyGlobalProject.WebAPI.csproj", "{68D12F3D-B6AE-4DB3-9BED-94E6D7049EAA}"
EndProject
Global
	GlobalSection(SolutionConfigurationPlatforms) = preSolution
		Debug|Any CPU = Debug|Any CPU
		Release|Any CPU = Release|Any CPU
	EndGlobalSection
	GlobalSection(ProjectConfigurationPlatforms) = postSolution
		{471C1565-2ABD-48AF-B0D9-990BBD4E8B70}.Debug|Any CPU.ActiveCfg = Debug|Any CPU
		{471C1565-2ABD-48AF-B0D9-990BBD4E8B70}.Debug|Any CPU.Build.0 = Debug|Any CPU
		{471C1565-2ABD-48AF-B0D9-990BBD4E8B70}.Release|Any CPU.ActiveCfg = Release|Any CPU
		{471C1565-2ABD-48AF-B0D9-990BBD4E8B70}.Release|Any CPU.Build.0 = Release|Any CPU
		{94A68C56-BD1E-46DE-BBE1-805697B91802}.Debug|Any CPU.ActiveCfg = Debug|Any CPU
		{94A68C56-BD1E-46DE-BBE1-805697B91802}.Debug|Any CPU.Build.0 = Debug|Any CPU
		{94A68C56-BD1E-46DE-BBE1-805697B91802}.Release|Any CPU.ActiveCfg = Release|Any CPU
		{94A68C56-BD1E-46DE-BBE1-805697B91802}.Release|Any CPU.Build.0 = Release|Any CPU
		{DB69DF05-4532-4675-913D-7760183CD4D5}.Debug|Any CPU.ActiveCfg = Debug|Any CPU
		{DB69DF05-4532-4675-913D-7760183CD4D5}.Debug|Any CPU.Build.0 = Debug|Any CPU
		{DB69DF05-4532-4675-913D-7760183CD4D5}.Release|Any CPU.ActiveCfg = Release|Any CPU
		{DB69DF05-4532-4675-913D-7760183CD4D5}.Release|Any CPU.Build.0 = Release|Any CPU
		{3FA4904F-9464-4E22-AA74-6982332D2D8E}.Debug|Any CPU.ActiveCfg = Debug|Any CPU
		{3FA4904F-9464-4E22-AA74-6982332D2D8E}.Debug|Any CPU.Build.0 = Debug|Any CPU
		{3FA4904F-9464-4E22-AA74-6982332D2D8E}.Release|Any CPU.ActiveCfg = Release|Any CPU
		{3FA4904F-9464-4E22-AA74-6982332D2D8E}.Release|Any CPU.Build.0 = Release|Any CPU
		{68D12F3D-B6AE-4DB3-9BED-94E6D7049EAA}.Debug|Any CPU.ActiveCfg = Debug|Any CPU
		{68D12F3D-B6AE-4DB3-9BED-94E6D7049EAA}.Debug|Any CPU.Build.0 = Debug|Any CPU
		{68D12F3D-B6AE-4DB3-9BED-94E6D7049EAA}.Release|Any CPU.ActiveCfg = Release|Any CPU
		{68D12F3D-B6AE-4DB3-9BED-94E6D7049EAA}.Release|Any CPU.Build.0 = Release|Any CPU
	EndGlobalSection
	GlobalSection(SolutionProperties) = preSolution
		HideSolutionNode = FALSE
	EndGlobalSection
	GlobalSection(NestedProjects) = preSolution
		{F731D211-9B70-4728-9418-D0BE5844C458} = {5BA22C93-17C1-4CD2-9DF3-A1B32791EA47}
		{471C1565-2ABD-48AF-B0D9-990BBD4E8B70} = {F731D211-9B70-4728-9418-D0BE5844C458}
		{92485F09-6B79-484D-AF72-EE198EE75FC0} = {5BA22C93-17C1-4CD2-9DF3-A1B32791EA47}
		{76B26B26-C322-4D7F-BE14-032777BE3801} = {5BA22C93-17C1-4CD2-9DF3-A1B32791EA47}
		{94A68C56-BD1E-46DE-BBE1-805697B91802} = {F731D211-9B70-4728-9418-D0BE5844C458}
		{DB69DF05-4532-4675-913D-7760183CD4D5} = {92485F09-6B79-484D-AF72-EE198EE75FC0}
		{3FA4904F-9464-4E22-AA74-6982332D2D8E} = {92485F09-6B79-484D-AF72-EE198EE75FC0}
		{68D12F3D-B6AE-4DB3-9BED-94E6D7049EAA} = {76B26B26-C322-4D7F-BE14-032777BE3801}
	EndGlobalSection
	GlobalSection(ExtensibilityGlobals) = postSolution
		SolutionGuid = {09C30D44-C815-4CC4-B5C0-F8E5ED41F379}
	EndGlobalSection
EndGlobal
